
Microsoft Visual Studio Solution File, Format Version 12.00
# Visual Studio Version 17
VisualStudioVersion = 17.11.35327.3
MinimumVisualStudioVersion = 10.0.40219.1
Project("{FAE04EC0-301F-11D3-BF4B-00C04F79EFBC}") = "MiniProject", "MiniProject\MiniProject.csproj", "{AC026742-F676-4154-BC12-570F4CD02D27}"
EndProject
Global
	GlobalSection(SolutionConfigurationPlatforms) = preSolution
		Debug|Any CPU = Debug|Any CPU
		Release|Any CPU = Release|Any CPU
	EndGlobalSection
	GlobalSection(ProjectConfigurationPlatforms) = postSolution
		{AC026742-F676-4154-BC12-570F4CD02D27}.Debug|Any CPU.ActiveCfg = Debug|Any CPU
		{AC026742-F676-4154-BC12-570F4CD02D27}.Debug|Any CPU.Build.0 = Debug|Any CPU
		{AC026742-F676-4154-BC12-570F4CD02D27}.Release|Any CPU.ActiveCfg = Release|Any CPU
		{AC026742-F676-4154-BC12-570F4CD02D27}.Release|Any CPU.Build.0 = Release|Any CPU
	EndGlobalSection
	GlobalSection(SolutionProperties) = preSolution
		HideSolutionNode = FALSE
	EndGlobalSection
	GlobalSection(ExtensibilityGlobals) = postSolution
		SolutionGuid = {D93B35CE-8630-47AB-8C1C-E2444B9C6702}
	EndGlobalSection
EndGlobal
